
Microsoft Visual Studio Solution File, Format Version 12.00
# Visual Studio 15
VisualStudioVersion = 15.0.27428.2043
MinimumVisualStudioVersion = 10.0.40219.1
Project("{FAE04EC0-301F-11D3-BF4B-00C04F79EFBC}") = "Backdoor", "Backdoor\Backdoor.csproj", "{27BE9BB0-60E7-46CA-A2A0-0AE6EC4BABB7}"
EndProject
Project("{FAE04EC0-301F-11D3-BF4B-00C04F79EFBC}") = "BackdoorTarget", "BackdoorTarget\BackdoorTarget.csproj", "{34A3C4E8-EC88-4AC8-BD8C-5595F9EB7405}"
EndProject
Global
	GlobalSection(SolutionConfigurationPlatforms) = preSolution
		Debug|Any CPU = Debug|Any CPU
		Release|Any CPU = Release|Any CPU
	EndGlobalSection
	GlobalSection(ProjectConfigurationPlatforms) = postSolution
		{27BE9BB0-60E7-46CA-A2A0-0AE6EC4BABB7}.Debug|Any CPU.ActiveCfg = Debug|Any CPU
		{27BE9BB0-60E7-46CA-A2A0-0AE6EC4BABB7}.Debug|Any CPU.Build.0 = Debug|Any CPU
		{27BE9BB0-60E7-46CA-A2A0-0AE6EC4BABB7}.Release|Any CPU.ActiveCfg = Release|Any CPU
		{27BE9BB0-60E7-46CA-A2A0-0AE6EC4BABB7}.Release|Any CPU.Build.0 = Release|Any CPU
		{34A3C4E8-EC88-4AC8-BD8C-5595F9EB7405}.Debug|Any CPU.ActiveCfg = Debug|Any CPU
		{34A3C4E8-EC88-4AC8-BD8C-5595F9EB7405}.Debug|Any CPU.Build.0 = Debug|Any CPU
		{34A3C4E8-EC88-4AC8-BD8C-5595F9EB7405}.Release|Any CPU.ActiveCfg = Release|Any CPU
		{34A3C4E8-EC88-4AC8-BD8C-5595F9EB7405}.Release|Any CPU.Build.0 = Release|Any CPU
	EndGlobalSection
	GlobalSection(SolutionProperties) = preSolution
		HideSolutionNode = FALSE
	EndGlobalSection
	GlobalSection(ExtensibilityGlobals) = postSolution
		SolutionGuid = {CAE71189-02A3-480F-AA63-D784A20F7AED}
	EndGlobalSection
EndGlobal
